
Microsoft Visual Studio Solution File, Format Version 12.00
# Visual Studio Version 16
VisualStudioVersion = 16.0.30320.27
MinimumVisualStudioVersion = 10.0.40219.1
Project("{FAE04EC0-301F-11D3-BF4B-00C04F79EFBC}") = "FunctionSTUFF", "FunctionSTUFF\FunctionSTUFF.csproj", "{997DFD7E-3FBE-4491-9420-22A1EE15895C}"
EndProject
Global
	GlobalSection(SolutionConfigurationPlatforms) = preSolution
		Debug|Any CPU = Debug|Any CPU
		Release|Any CPU = Release|Any CPU
	EndGlobalSection
	GlobalSection(ProjectConfigurationPlatforms) = postSolution
		{997DFD7E-3FBE-4491-9420-22A1EE15895C}.Debug|Any CPU.ActiveCfg = Debug|Any CPU
		{997DFD7E-3FBE-4491-9420-22A1EE15895C}.Debug|Any CPU.Build.0 = Debug|Any CPU
		{997DFD7E-3FBE-4491-9420-22A1EE15895C}.Release|Any CPU.ActiveCfg = Release|Any CPU
		{997DFD7E-3FBE-4491-9420-22A1EE15895C}.Release|Any CPU.Build.0 = Release|Any CPU
	EndGlobalSection
	GlobalSection(SolutionProperties) = preSolution
		HideSolutionNode = FALSE
	EndGlobalSection
	GlobalSection(ExtensibilityGlobals) = postSolution
		SolutionGuid = {3C68B402-249A-41A8-9FF7-A9FC9E9197A3}
	EndGlobalSection
EndGlobal
